
Microsoft Visual Studio Solution File, Format Version 12.00
# Visual Studio Version 17
VisualStudioVersion = 17.14.36310.24
MinimumVisualStudioVersion = 10.0.40219.1
Project("{8BC9CEB8-8B4A-11D0-8D11-00A0C91BC942}") = "Network", "Network\Network.vcxproj", "{5D2631C2-E85E-4288-AA7E-4769A9401E9E}"
EndProject
Project("{8BC9CEB8-8B4A-11D0-8D11-00A0C91BC942}") = "ServerManager", "ServerManager\ServerManager.vcxproj", "{95327AA8-5689-4E32-BC64-24BFAC36E0A4}"
EndProject
Project("{8BC9CEB8-8B4A-11D0-8D11-00A0C91BC942}") = "MyGUI", "MyGUI\MyGUI.vcxproj", "{859FDBC2-4918-4576-9D26-757B05FBFEB4}"
EndProject
Project("{8BC9CEB8-8B4A-11D0-8D11-00A0C91BC942}") = "TestClient", "TestClient\TestClient.vcxproj", "{41F7C1E2-4E76-40E4-B9A9-6287D9EE98A4}"
EndProject
Project("{8BC9CEB8-8B4A-11D0-8D11-00A0C91BC942}") = "FieldServer", "FieldServer\FieldServer.vcxproj", "{5D69C92E-4014-4CBE-BB6D-886D691CBDFB}"
EndProject
Project("{2150E333-8FDC-42A3-9474-1A3956D46DE8}") = "Server", "Server", "{C8D5274F-AC00-46C7-1F8D-E88E81087A52}"
EndProject
Project("{2150E333-8FDC-42A3-9474-1A3956D46DE8}") = "Base", "Base", "{BCC6EDB8-72FD-4BC7-BDD3-206760289D31}"
EndProject
Global
	GlobalSection(SolutionConfigurationPlatforms) = preSolution
		Debug|x64 = Debug|x64
		Debug|x86 = Debug|x86
		Release|x64 = Release|x64
		Release|x86 = Release|x86
	EndGlobalSection
	GlobalSection(ProjectConfigurationPlatforms) = postSolution
		{5D2631C2-E85E-4288-AA7E-4769A9401E9E}.Debug|x64.ActiveCfg = Debug|x64
		{5D2631C2-E85E-4288-AA7E-4769A9401E9E}.Debug|x64.Build.0 = Debug|x64
		{5D2631C2-E85E-4288-AA7E-4769A9401E9E}.Debug|x86.ActiveCfg = Debug|Win32
		{5D2631C2-E85E-4288-AA7E-4769A9401E9E}.Debug|x86.Build.0 = Debug|Win32
		{5D2631C2-E85E-4288-AA7E-4769A9401E9E}.Release|x64.ActiveCfg = Release|x64
		{5D2631C2-E85E-4288-AA7E-4769A9401E9E}.Release|x64.Build.0 = Release|x64
		{5D2631C2-E85E-4288-AA7E-4769A9401E9E}.Release|x86.ActiveCfg = Release|Win32
		{5D2631C2-E85E-4288-AA7E-4769A9401E9E}.Release|x86.Build.0 = Release|Win32
		{95327AA8-5689-4E32-BC64-24BFAC36E0A4}.Debug|x64.ActiveCfg = Debug|x64
		{95327AA8-5689-4E32-BC64-24BFAC36E0A4}.Debug|x64.Build.0 = Debug|x64
		{95327AA8-5689-4E32-BC64-24BFAC36E0A4}.Debug|x86.ActiveCfg = Debug|Win32
		{95327AA8-5689-4E32-BC64-24BFAC36E0A4}.Debug|x86.Build.0 = Debug|Win32
		{95327AA8-5689-4E32-BC64-24BFAC36E0A4}.Release|x64.ActiveCfg = Release|x64
		{95327AA8-5689-4E32-BC64-24BFAC36E0A4}.Release|x64.Build.0 = Release|x64
		{95327AA8-5689-4E32-BC64-24BFAC36E0A4}.Release|x86.ActiveCfg = Release|Win32
		{95327AA8-5689-4E32-BC64-24BFAC36E0A4}.Release|x86.Build.0 = Release|Win32
		{859FDBC2-4918-4576-9D26-757B05FBFEB4}.Debug|x64.ActiveCfg = Debug|x64
		{859FDBC2-4918-4576-9D26-757B05FBFEB4}.Debug|x64.Build.0 = Debug|x64
		{859FDBC2-4918-4576-9D26-757B05FBFEB4}.Debug|x86.ActiveCfg = Debug|Win32
		{859FDBC2-4918-4576-9D26-757B05FBFEB4}.Debug|x86.Build.0 = Debug|Win32
		{859FDBC2-4918-4576-9D26-757B05FBFEB4}.Release|x64.ActiveCfg = Release|x64
		{859FDBC2-4918-4576-9D26-757B05FBFEB4}.Release|x64.Build.0 = Release|x64
		{859FDBC2-4918-4576-9D26-757B05FBFEB4}.Release|x86.ActiveCfg = Release|Win32
		{859FDBC2-4918-4576-9D26-757B05FBFEB4}.Release|x86.Build.0 = Release|Win32
		{41F7C1E2-4E76-40E4-B9A9-6287D9EE98A4}.Debug|x64.ActiveCfg = Debug|x64
		{41F7C1E2-4E76-40E4-B9A9-6287D9EE98A4}.Debug|x64.Build.0 = Debug|x64
		{41F7C1E2-4E76-40E4-B9A9-6287D9EE98A4}.Debug|x86.ActiveCfg = Debug|Win32
		{41F7C1E2-4E76-40E4-B9A9-6287D9EE98A4}.Debug|x86.Build.0 = Debug|Win32
		{41F7C1E2-4E76-40E4-B9A9-6287D9EE98A4}.Release|x64.ActiveCfg = Release|x64
		{41F7C1E2-4E76-40E4-B9A9-6287D9EE98A4}.Release|x64.Build.0 = Release|x64
		{41F7C1E2-4E76-40E4-B9A9-6287D9EE98A4}.Release|x86.ActiveCfg = Release|Win32
		{41F7C1E2-4E76-40E4-B9A9-6287D9EE98A4}.Release|x86.Build.0 = Release|Win32
		{5D69C92E-4014-4CBE-BB6D-886D691CBDFB}.Debug|x64.ActiveCfg = Debug|x64
		{5D69C92E-4014-4CBE-BB6D-886D691CBDFB}.Debug|x64.Build.0 = Debug|x64
		{5D69C92E-4014-4CBE-BB6D-886D691CBDFB}.Debug|x86.ActiveCfg = Debug|Win32
		{5D69C92E-4014-4CBE-BB6D-886D691CBDFB}.Debug|x86.Build.0 = Debug|Win32
		{5D69C92E-4014-4CBE-BB6D-886D691CBDFB}.Release|x64.ActiveCfg = Release|x64
		{5D69C92E-4014-4CBE-BB6D-886D691CBDFB}.Release|x64.Build.0 = Release|x64
		{5D69C92E-4014-4CBE-BB6D-886D691CBDFB}.Release|x86.ActiveCfg = Release|Win32
		{5D69C92E-4014-4CBE-BB6D-886D691CBDFB}.Release|x86.Build.0 = Release|Win32
	EndGlobalSection
	GlobalSection(SolutionProperties) = preSolution
		HideSolutionNode = FALSE
	EndGlobalSection
	GlobalSection(NestedProjects) = preSolution
		{5D2631C2-E85E-4288-AA7E-4769A9401E9E} = {BCC6EDB8-72FD-4BC7-BDD3-206760289D31}
		{95327AA8-5689-4E32-BC64-24BFAC36E0A4} = {C8D5274F-AC00-46C7-1F8D-E88E81087A52}
		{859FDBC2-4918-4576-9D26-757B05FBFEB4} = {BCC6EDB8-72FD-4BC7-BDD3-206760289D31}
		{41F7C1E2-4E76-40E4-B9A9-6287D9EE98A4} = {C8D5274F-AC00-46C7-1F8D-E88E81087A52}
		{5D69C92E-4014-4CBE-BB6D-886D691CBDFB} = {C8D5274F-AC00-46C7-1F8D-E88E81087A52}
	EndGlobalSection
	GlobalSection(ExtensibilityGlobals) = postSolution
		SolutionGuid = {47A9C481-6D8D-4203-9AE9-CD618597C1DB}
	EndGlobalSection
EndGlobal
